github.com/BurntSushi/toml v1.6.0 h1:dRaEfpa2VI55EwlIW72hMRHdWouJeRF7TPYhI+AUQjk=
github.com/BurntSushi/toml v1.6.0/go.mod h1:ukJfTF/6rtPPRCnwkur4qwRxa8vTRFBF0uk2lLoLwho=
github.com/coder/acp-go-sdk v0.13.0 h1:IAKBDIbe/iBfKAGikeIndzb8fowt4ioD+gCtSU4HwMA=
github.com/coder/acp-go-sdk v0.13.0/go.mod h1:yKzM/3R9uELp4+nBAwwtkS0aN1FOFjo11CNPy37yFko=
github.com/coder/websocket v1.8.14 h1:9L0p0iKiNOibykf283eHkKUHHrpG7f65OE3BhhO7v9g=
github.com/coder/websocket v1.8.14/go.mod h1:NX3SzP+inril6yawo5CQXx8+fk145lPDC6pumgx0mVg=
github.com/fsnotify/fsnotify v1.8.0 h1:dAwr6QBTBZIkG8roQaJjGof0pp0EeF+tNV7YBP3F/8M=
github.com/fsnotify/fsnotify v1.8.0/go.mod h1:8jBTzvmWwFyi3Pb8djgCCO5IBqzKJ/Jwo8TRcHyHii0=
github.com/tidwall/jsonc v0.3.3 h1:RVQqL3xFfDkKKXIDsrBiVQiEpBtxoKbmMXONb2H/y2w=
github.com/tidwall/jsonc v0.3.3/go.mod h1:dw+3CIxqHi+t8eFSpzzMlcVYxKp08UP5CD8/uSFCyJE=
github.com/xhd2015/dot-pkgs/go-pkgs v0.0.10 h1:a2kGfJAxGS+G11Fjh2yP4FOb63UpN6ObtFHZC6tYhPs=
github.com/xhd2015/dot-pkgs/go-pkgs v0.0.10/go.mod h1:64a9MONbt54CwY5tTH5bMFZPc7MwFZqnSfDD6HnPgPs=
github.com/xhd2015/less-gen v0.0.19 h1:JllrPhx3HzN+f2AB6cTvW9aRCpvuODJFx7affpa0zQY=
github.com/xhd2015/less-gen v0.0.19/go.mod h1:Ym5HW/yfVnf2mgSo48QsuHAKnMTPv/u7oqty+raTnTQ=
github.com/xhd2015/xgo v1.1.14 h1:FZ8nYSOGb3SQD6S9gP5dIFbW/9OuoGzr5hXVJC+McQc=
github.com/xhd2015/xgo v1.1.14/go.mod h1:LJxlcYSaXo/9YpsnB3yHh9NHe7BRettYCytaNGWY2BE=
golang.org/x/sys v0.44.0 h1:ildZl3J4uzeKP07r2F++Op7E9B29JRUy+a27EibtBTQ=
golang.org/x/sys v0.44.0/go.mod h1:4GL1E5IUh+htKOUEOaiffhrAeqysfVGipDYzABqnCmw=
gopkg.in/check.v1 v0.0.0-20161208181325-20d25e280405 h1:yhCVgyC4o1eVCa2tZl7eS0r+SDo693bJlVdllGtEeKM=
gopkg.in/check.v1 v0.0.0-20161208181325-20d25e280405/go.mod h1:Co6ibVJAznAaIkqp8huTwlJQCZ016jof/cbN4VW5Yz0=
gopkg.in/yaml.v3 v3.0.1 h1:fxVm/GzAzEWqLHuvctI91KS9hhNmmWOoWu0XTYJS7CA=
gopkg.in/yaml.v3 v3.0.1/go.mod h1:K4uyk7z7BCEPqu6E+C64Yfv1cQ7kz7rIZviUmN+EgEM=
